
Microsoft Visual Studio Solution File, Format Version 12.00
# Visual Studio Version 17
VisualStudioVersion = 17.13.36105.23 d17.13
MinimumVisualStudioVersion = 10.0.40219.1
Project("{FAE04EC0-301F-11D3-BF4B-00C04F79EFBC}") = "SpaceGame", "SpaceGame.csproj", "{D9821DEC-4F9A-4C79-AB6C-4D3500D35C75}"
EndProject
Global
	GlobalSection(SolutionConfigurationPlatforms) = preSolution
		Debug|Any CPU = Debug|Any CPU
		Release|Any CPU = Release|Any CPU
	EndGlobalSection
	GlobalSection(ProjectConfigurationPlatforms) = postSolution
		{D9821DEC-4F9A-4C79-AB6C-4D3500D35C75}.Debug|Any CPU.ActiveCfg = Debug|Any CPU
		{D9821DEC-4F9A-4C79-AB6C-4D3500D35C75}.Debug|Any CPU.Build.0 = Debug|Any CPU
		{D9821DEC-4F9A-4C79-AB6C-4D3500D35C75}.Release|Any CPU.ActiveCfg = Release|Any CPU
		{D9821DEC-4F9A-4C79-AB6C-4D3500D35C75}.Release|Any CPU.Build.0 = Release|Any CPU
	EndGlobalSection
	GlobalSection(SolutionProperties) = preSolution
		HideSolutionNode = FALSE
	EndGlobalSection
	GlobalSection(ExtensibilityGlobals) = postSolution
		SolutionGuid = {EF625FB0-3CDB-4FD8-A87F-2D3647E77904}
	EndGlobalSection
EndGlobal
